
Microsoft Visual Studio Solution File, Format Version 12.00
# Visual Studio Version 17
VisualStudioVersion = 17.10.34928.147
MinimumVisualStudioVersion = 10.0.40219.1
Project("{FAE04EC0-301F-11D3-BF4B-00C04F79EFBC}") = "G5.NetITIMVCDay02", "G5.NetITIMVCDay02\G5.NetITIMVCDay02.csproj", "{8A058422-9C7A-4048-B1DC-23FBC2BE2D84}"
EndProject
Global
	GlobalSection(SolutionConfigurationPlatforms) = preSolution
		Debug|Any CPU = Debug|Any CPU
		Release|Any CPU = Release|Any CPU
	EndGlobalSection
	GlobalSection(ProjectConfigurationPlatforms) = postSolution
		{8A058422-9C7A-4048-B1DC-23FBC2BE2D84}.Debug|Any CPU.ActiveCfg = Debug|Any CPU
		{8A058422-9C7A-4048-B1DC-23FBC2BE2D84}.Debug|Any CPU.Build.0 = Debug|Any CPU
		{8A058422-9C7A-4048-B1DC-23FBC2BE2D84}.Release|Any CPU.ActiveCfg = Release|Any CPU
		{8A058422-9C7A-4048-B1DC-23FBC2BE2D84}.Release|Any CPU.Build.0 = Release|Any CPU
	EndGlobalSection
	GlobalSection(SolutionProperties) = preSolution
		HideSolutionNode = FALSE
	EndGlobalSection
	GlobalSection(ExtensibilityGlobals) = postSolution
		SolutionGuid = {D16D0190-58EE-4259-BAD2-E6BE39B56A71}
	EndGlobalSection
EndGlobal
